
Microsoft Visual Studio Solution File, Format Version 12.00
# Visual Studio 15
VisualStudioVersion = 15.0.28010.2016
MinimumVisualStudioVersion = 10.0.40219.1
Project("{FAE04EC0-301F-11D3-BF4B-00C04F79EFBC}") = "luxData.small.small_wf", "luxData.small.small_wf\luxData.small.small_wf.csproj", "{1C934EB0-E0AB-4DE5-8933-C6A528FA7741}"
EndProject
Project("{FAE04EC0-301F-11D3-BF4B-00C04F79EFBC}") = "luxData.small.small_wfIntegrationTests", "UnitTestProject2\luxData.small.small_wfIntegrationTests.csproj", "{F7D79966-5FB9-4853-ABD2-08E3891152D4}"
EndProject
Global
	GlobalSection(SolutionConfigurationPlatforms) = preSolution
		Debug|Any CPU = Debug|Any CPU
		Debug|x86 = Debug|x86
		Release|Any CPU = Release|Any CPU
		Release|x86 = Release|x86
	EndGlobalSection
	GlobalSection(ProjectConfigurationPlatforms) = postSolution
		{1C934EB0-E0AB-4DE5-8933-C6A528FA7741}.Debug|Any CPU.ActiveCfg = Debug|Any CPU
		{1C934EB0-E0AB-4DE5-8933-C6A528FA7741}.Debug|Any CPU.Build.0 = Debug|Any CPU
		{1C934EB0-E0AB-4DE5-8933-C6A528FA7741}.Debug|x86.ActiveCfg = Debug|x86
		{1C934EB0-E0AB-4DE5-8933-C6A528FA7741}.Debug|x86.Build.0 = Debug|x86
		{1C934EB0-E0AB-4DE5-8933-C6A528FA7741}.Release|Any CPU.ActiveCfg = Release|Any CPU
		{1C934EB0-E0AB-4DE5-8933-C6A528FA7741}.Release|Any CPU.Build.0 = Release|Any CPU
		{1C934EB0-E0AB-4DE5-8933-C6A528FA7741}.Release|x86.ActiveCfg = Release|x86
		{1C934EB0-E0AB-4DE5-8933-C6A528FA7741}.Release|x86.Build.0 = Release|x86
		{F7D79966-5FB9-4853-ABD2-08E3891152D4}.Debug|Any CPU.ActiveCfg = Debug|Any CPU
		{F7D79966-5FB9-4853-ABD2-08E3891152D4}.Debug|Any CPU.Build.0 = Debug|Any CPU
		{F7D79966-5FB9-4853-ABD2-08E3891152D4}.Debug|x86.ActiveCfg = Debug|Any CPU
		{F7D79966-5FB9-4853-ABD2-08E3891152D4}.Debug|x86.Build.0 = Debug|Any CPU
		{F7D79966-5FB9-4853-ABD2-08E3891152D4}.Release|Any CPU.ActiveCfg = Release|Any CPU
		{F7D79966-5FB9-4853-ABD2-08E3891152D4}.Release|Any CPU.Build.0 = Release|Any CPU
		{F7D79966-5FB9-4853-ABD2-08E3891152D4}.Release|x86.ActiveCfg = Release|Any CPU
		{F7D79966-5FB9-4853-ABD2-08E3891152D4}.Release|x86.Build.0 = Release|Any CPU
	EndGlobalSection
	GlobalSection(SolutionProperties) = preSolution
		HideSolutionNode = FALSE
	EndGlobalSection
	GlobalSection(ExtensibilityGlobals) = postSolution
		SolutionGuid = {5CE5CB0D-E852-45F8-8C1C-C9829A020D9A}
	EndGlobalSection
EndGlobal
